// !$*UTF8*$!
{
	archiveVersion = 1;
	classes = {
	};
	objectVersion = 56;
	objects = {

/* Begin PBXBuildFile section */
		EB5E8E9C2A717465002C98E1 /* AppDelegate.swift in Sources */ = {isa = PBXBuildFile; fileRef = EB5E8E9B2A717465002C98E1 /* AppDelegate.swift */; };
		EB5E8E9E2A717465002C98E1 /* SceneDelegate.swift in Sources */ = {isa = PBXBuildFile; fileRef = EB5E8E9D2A717465002C98E1 /* SceneDelegate.swift */; };
		EB5E8EA02A717465002C98E1 /* ViewController.swift in Sources */ = {isa = PBXBuildFile; fileRef = EB5E8E9F2A717465002C98E1 /* ViewController.swift */; };
		EB5E8EA32A717465002C98E1 /* Main.storyboard in Resources */ = {isa = PBXBuildFile; fileRef = EB5E8EA12A717465002C98E1 /* Main.storyboard */; };
		EB5E8EA52A717468002C98E1 /* Assets.xcassets in Resources */ = {isa = PBXBuildFile; fileRef = EB5E8EA42A717468002C98E1 /* Assets.xcassets */; };
		EB5E8EA82A717468002C98E1 /* LaunchScreen.storyboard in Resources */ = {isa = PBXBuildFile; fileRef = EB5E8EA62A717468002C98E1 /* LaunchScreen.storyboard */; };
		EB5E8EB32A717469002C98E1 /* MyRSPAppTests.swift in Sources */ = {isa = PBXBuildFile; fileRef = EB5E8EB22A717469002C98E1 /* MyRSPAppTests.swift */; };
		EB5E8EBD2A717469002C98E1 /* MyRSPAppUITests.swift in Sources */ = {isa = PBXBuildFile; fileRef = EB5E8EBC2A717469002C98E1 /* MyRSPAppUITests.swift */; };
		EB5E8EBF2A717469002C98E1 /* MyRSPAppUITestsLaunchTests.swift in Sources */ = {isa = PBXBuildFile; fileRef = EB5E8EBE2A717469002C98E1 /* MyRSPAppUITestsLaunchTests.swift */; };
		EB5E8ECC2A717BDA002C98E1 /* Rps.swift in Sources */ = {isa = PBXBuildFile; fileRef = EB5E8ECB2A717BDA002C98E1 /* Rps.swift */; };
		EB71D5022A9F5DB000F3A5ED /* RpsManager.swift in Sources */ = {isa = PBXBuildFile; fileRef = EB71D5012A9F5DB000F3A5ED /* RpsManager.swift */; };
/* End PBXBuildFile section */

/* Begin PBXContainerItemProxy section */
		EB5E8EAF2A717469002C98E1 /* PBXContainerItemProxy */ = {
			isa = PBXContainerItemProxy;
			containerPortal = EB5E8E902A717465002C98E1 /* Project object */;
			proxyType = 1;
			remoteGlobalIDString = EB5E8E972A717465002C98E1;
			remoteInfo = MyRSPApp;
		};
		EB5E8EB92A717469002C98E1 /* PBXContainerItemProxy */ = {
			isa = PBXContainerItemProxy;
			containerPortal = EB5E8E902A717465002C98E1 /* Project object */;
			proxyType = 1;
			remoteGlobalIDString = EB5E8E972A717465002C98E1;
			remoteInfo = MyRSPApp;
		};
/* End PBXContainerItemProxy section */

/* Begin PBXFileReference section */
		EB5E8E982A717465002C98E1 /* MyRSPApp.app */ = {isa = PBXFileReference; explicitFileType = wrapper.application; includeInIndex = 0; path = MyRSPApp.app; sourceTree = BUILT_PRODUCTS_DIR; };
		EB5E8E9B2A717465002C98E1 /* AppDelegate.swift */ = {isa = PBXFileReference; lastKnownFileType = sourcecode.swift; path = AppDelegate.swift; sourceTree = "<group>"; };
		EB5E8E9D2A717465002C98E1 /* SceneDelegate.swift */ = {isa = PBXFileReference; lastKnownFileType = sourcecode.swift; path = SceneDelegate.swift; sourceTree = "<group>"; };
		EB5E8E9F2A717465002C98E1 /* ViewController.swift */ = {isa = PBXFileReference; lastKnownFileType = sourcecode.swift; path = ViewController.swift; sourceTree = "<group>"; };
		EB5E8EA22A717465002C98E1 /* Base */ = {isa = PBXFileReference; lastKnownFileType = file.storyboard; name = Base; path = Base.lproj/Main.storyboard; sourceTree = "<group>"; };
		EB5E8EA42A717468002C98E1 /* Assets.xcassets */ = {isa = PBXFileReference; lastKnownFileType = folder.assetcatalog; path = Assets.xcassets; sourceTree = "<group>"; };
		EB5E8EA72A717468002C98E1 /* Base */ = {isa = PBXFileReference; lastKnownFileType = file.storyboard; name = Base; path = Base.lproj/LaunchScreen.storyboard; sourceTree = "<group>"; };
		EB5E8EA92A717468002C98E1 /* Info.plist */ = {isa = PBXFileReference; lastKnownFileType = text.plist.xml; path = Info.plist; sourceTree = "<group>"; };
		EB5E8EAE2A717469002C98E1 /* MyRSPAppTests.xctest */ = {isa = PBXFileReference; explicitFileType = wrapper.cfbundle; includeInIndex = 0; path = MyRSPAppTests.xctest; sourceTree = BUILT_PRODUCTS_DIR; };
		EB5E8EB22A717469002C98E1 /* MyRSPAppTests.swift */ = {isa = PBXFileReference; lastKnownFileType = sourcecode.swift; path = MyRSPAppTests.swift; sourceTree = "<group>"; };
		EB5E8EB82A717469002C98E1 /* MyRSPAppUITests.xctest */ = {isa = PBXFileReference; explicitFileType = wrapper.cfbundle; includeInIndex = 0; path = MyRSPAppUITests.xctest; sourceTree = BUILT_PRODUCTS_DIR; };
		EB5E8EBC2A717469002C98E1 /* MyRSPAppUITests.swift */ = {isa = PBXFileReference; lastKnownFileType = sourcecode.swift; path = MyRSPAppUITests.swift; sourceTree = "<group>"; };
		EB5E8EBE2A717469002C98E1 /* MyRSPAppUITestsLaunchTests.swift */ = {isa = PBXFileReference; lastKnownFileType = sourcecode.swift; path = MyRSPAppUITestsLaunchTests.swift; sourceTree = "<group>"; };
		EB5E8ECB2A717BDA002C98E1 /* Rps.swift */ = {isa = PBXFileReference; lastKnownFileType = sourcecode.swift; path = Rps.swift; sourceTree = "<group>"; };
		EB71D5012A9F5DB000F3A5ED /* RpsManager.swift */ = {isa = PBXFileReference; lastKnownFileType = sourcecode.swift; path = RpsManager.swift; sourceTree = "<group>"; };
/* End PBXFileReference section */

/* Begin PBXFrameworksBuildPhase section */
		EB5E8E952A717465002C98E1 /* Frameworks */ = {
			isa = PBXFrameworksBuildPhase;
			buildActionMask = 2147483647;
			files = (
			);
			runOnlyForDeploymentPostprocessing = 0;
		};
		EB5E8EAB2A717469002C98E1 /* Frameworks */ = {
			isa = PBXFrameworksBuildPhase;
			buildActionMask = 2147483647;
			files = (
			);
			runOnlyForDeploymentPostprocessing = 0;
		};
		EB5E8EB52A717469002C98E1 /* Frameworks */ = {
			isa = PBXFrameworksBuildPhase;
			buildActionMask = 2147483647;
			files = (
			);
			runOnlyForDeploymentPostprocessing = 0;
		};
/* End PBXFrameworksBuildPhase section */

/* Begin PBXGroup section */
		EB5E8E8F2A717465002C98E1 = {
			isa = PBXGroup;
			children = (
				EB5E8E9A2A717465002C98E1 /* MyRSPApp */,
				EB5E8EB12A717469002C98E1 /* MyRSPAppTests */,
				EB5E8EBB2A717469002C98E1 /* MyRSPAppUITests */,
				EB5E8E992A717465002C98E1 /* Products */,
			);
			sourceTree = "<group>";
		};
		EB5E8E992A717465002C98E1 /* Products */ = {
			isa = PBXGroup;
			children = (
				EB5E8E982A717465002C98E1 /* MyRSPApp.app */,
				EB5E8EAE2A717469002C98E1 /* MyRSPAppTests.xctest */,
				EB5E8EB82A717469002C98E1 /* MyRSPAppUITests.xctest */,
			);
			name = Products;
			sourceTree = "<group>";
		};
		EB5E8E9A2A717465002C98E1 /* MyRSPApp */ = {
			isa = PBXGroup;
			children = (
				EB5E8E9B2A717465002C98E1 /* AppDelegate.swift */,
				EB5E8E9D2A717465002C98E1 /* SceneDelegate.swift */,
				EB71D5002A9F5D4100F3A5ED /* Controllers */,
				EB71D4FF2A9F5D3000F3A5ED /* Views */,
				EB71D4FE2A9F5D2600F3A5ED /* Models */,
				EB5E8EA42A717468002C98E1 /* Assets.xcassets */,
				EB5E8EA62A717468002C98E1 /* LaunchScreen.storyboard */,
				EB5E8EA92A717468002C98E1 /* Info.plist */,
			);
			path = MyRSPApp;
			sourceTree = "<group>";
		};
		EB5E8EB12A717469002C98E1 /* MyRSPAppTests */ = {
			isa = PBXGroup;
			children = (
				EB5E8EB22A717469002C98E1 /* MyRSPAppTests.swift */,
			);
			path = MyRSPAppTests;
			sourceTree = "<group>";
		};
		EB5E8EBB2A717469002C98E1 /* MyRSPAppUITests */ = {
			isa = PBXGroup;
			children = (
				EB5E8EBC2A717469002C98E1 /* MyRSPAppUITests.swift */,
				EB5E8EBE2A717469002C98E1 /* MyRSPAppUITestsLaunchTests.swift */,
			);
			path = MyRSPAppUITests;
			sourceTree = "<group>";
		};
		EB71D4FE2A9F5D2600F3A5ED /* Models */ = {
			isa = PBXGroup;
			children = (
				EB5E8ECB2A717BDA002C98E1 /* Rps.swift */,
				EB71D5012A9F5DB000F3A5ED /* RpsManager.swift */,
			);
			path = Models;
			sourceTree = "<group>";
		};
		EB71D4FF2A9F5D3000F3A5ED /* Views */ = {
			isa = PBXGroup;
			children = (
				EB5E8EA12A717465002C98E1 /* Main.storyboard */,
			);
			path = Views;
			sourceTree = "<group>";
		};
		EB71D5002A9F5D4100F3A5ED /* Controllers */ = {
			isa = PBXGroup;
			children = (
				EB5E8E9F2A717465002C98E1 /* ViewController.swift */,
			);
			path = Controllers;
			sourceTree = "<group>";
		};
/* End PBXGroup section */

/* Begin PBXNativeTarget section */
		EB5E8E972A717465002C98E1 /* MyRSPApp */ = {
			isa = PBXNativeTarget;
			buildConfigurationList = EB5E8EC22A717469002C98E1 /* Build configuration list for PBXNativeTarget "MyRSPApp" */;
			buildPhases = (
				EB5E8E942A717465002C98E1 /* Sources */,
				EB5E8E952A717465002C98E1 /* Frameworks */,
				EB5E8E962A717465002C98E1 /* Resources */,
			);
			buildRules = (
			);
			dependencies = (
			);
			name = MyRSPApp;
			productName = MyRSPApp;
			productReference = EB5E8E982A717465002C98E1 /* MyRSPApp.app */;
			productType = "com.apple.product-type.application";
		};
		EB5E8EAD2A717469002C98E1 /* MyRSPAppTests */ = {
			isa = PBXNativeTarget;
			buildConfigurationList = EB5E8EC52A717469002C98E1 /* Build configuration list for PBXNativeTarget "MyRSPAppTests" */;
			buildPhases = (
				EB5E8EAA2A717469002C98E1 /* Sources */,
				EB5E8EAB2A717469002C98E1 /* Frameworks */,
				EB5E8EAC2A717469002C98E1 /* Resources */,
			);
			buildRules = (
			);
			dependencies = (
				EB5E8EB02A717469002C98E1 /* PBXTargetDependency */,
			);
			name = MyRSPAppTests;
			productName = MyRSPAppTests;
			productReference = EB5E8EAE2A717469002C98E1 /* MyRSPAppTests.xctest */;
			productType = "com.apple.product-type.bundle.unit-test";
		};
		EB5E8EB72A717469002C98E1 /* MyRSPAppUITests */ = {
			isa = PBXNativeTarget;
			buildConfigurationList = EB5E8EC82A717469002C98E1 /* Build configuration list for PBXNativeTarget "MyRSPAppUITests" */;
			buildPhases = (
				EB5E8EB42A717469002C98E1 /* Sources */,
				EB5E8EB52A717469002C98E1 /* Frameworks */,
				EB5E8EB62A717469002C98E1 /* Resources */,
			);
			buildRules = (
			);
			dependencies = (
				EB5E8EBA2A717469002C98E1 /* PBXTargetDependency */,
			);
			name = MyRSPAppUITests;
			productName = MyRSPAppUITests;
			productReference = EB5E8EB82A717469002C98E1 /* MyRSPAppUITests.xctest */;
			productType = "com.apple.product-type.bundle.ui-testing";
		};
/* End PBXNativeTarget section */

/* Begin PBXProject section */
		EB5E8E902A717465002C98E1 /* Project object */ = {
			isa = PBXProject;
			attributes = {
				BuildIndependentTargetsInParallel = 1;
				LastSwiftUpdateCheck = 1430;
				LastUpgradeCheck = 1430;
				TargetAttributes = {
					EB5E8E972A717465002C98E1 = {
						CreatedOnToolsVersion = 14.3.1;
					};
					EB5E8EAD2A717469002C98E1 = {
						CreatedOnToolsVersion = 14.3.1;
						TestTargetID = EB5E8E972A717465002C98E1;
					};
					EB5E8EB72A717469002C98E1 = {
						CreatedOnToolsVersion = 14.3.1;
						TestTargetID = EB5E8E972A717465002C98E1;
					};
				};
			};
			buildConfigurationList = EB5E8E932A717465002C98E1 /* Build configuration list for PBXProject "MyRSPApp" */;
			compatibilityVersion = "Xcode 14.0";
			developmentRegion = en;
			hasScannedForEncodings = 0;
			knownRegions = (
				en,
				Base,
			);
			mainGroup = EB5E8E8F2A717465002C98E1;
			productRefGroup = EB5E8E992A717465002C98E1 /* Products */;
			projectDirPath = "";
			projectRoot = "";
			targets = (
				EB5E8E972A717465002C98E1 /* MyRSPApp */,
				EB5E8EAD2A717469002C98E1 /* MyRSPAppTests */,
				EB5E8EB72A717469002C98E1 /* MyRSPAppUITests */,
			);
		};
/* End PBXProject section */

/* Begin PBXResourcesBuildPhase section */
		EB5E8E962A717465002C98E1 /* Resources */ = {
			isa = PBXResourcesBuildPhase;
			buildActionMask = 2147483647;
			files = (
				EB5E8EA82A717468002C98E1 /* LaunchScreen.storyboard in Resources */,
				EB5E8EA52A717468002C98E1 /* Assets.xcassets in Resources */,
				EB5E8EA32A717465002C98E1 /* Main.storyboard in Resources */,
			);
			runOnlyForDeploymentPostprocessing = 0;
		};
		EB5E8EAC2A717469002C98E1 /* Resources */ = {
			isa = PBXResourcesBuildPhase;
			buildActionMask = 2147483647;
			files = (
			);
			runOnlyForDeploymentPostprocessing = 0;
		};
		EB5E8EB62A717469002C98E1 /* Resources */ = {
			isa = PBXResourcesBuildPhase;
			buildActionMask = 2147483647;
			files = (
			);
			runOnlyForDeploymentPostprocessing = 0;
		};
/* End PBXResourcesBuildPhase section */

/* Begin PBXSourcesBuildPhase section */
		EB5E8E942A717465002C98E1 /* Sources */ = {
			isa = PBXSourcesBuildPhase;
			buildActionMask = 2147483647;
			files = (
				EB5E8EA02A717465002C98E1 /* ViewController.swift in Sources */,
				EB5E8ECC2A717BDA002C98E1 /* Rps.swift in Sources */,
				EB5E8E9C2A717465002C98E1 /* AppDelegate.swift in Sources */,
				EB5E8E9E2A717465002C98E1 /* SceneDelegate.swift in Sources */,
				EB71D5022A9F5DB000F3A5ED /* RpsManager.swift in Sources */,
			);
			runOnlyForDeploymentPostprocessing = 0;
		};
		EB5E8EAA2A717469002C98E1 /* Sources */ = {
			isa = PBXSourcesBuildPhase;
			buildActionMask = 2147483647;
			files = (
				EB5E8EB32A717469002C98E1 /* MyRSPAppTests.swift in Sources */,
			);
			runOnlyForDeploymentPostprocessing = 0;
		};
		EB5E8EB42A717469002C98E1 /* Sources */ = {
			isa = PBXSourcesBuildPhase;
			buildActionMask = 2147483647;
			files = (
				EB5E8EBF2A717469002C98E1 /* MyRSPAppUITestsLaunchTests.swift in Sources */,
				EB5E8EBD2A717469002C98E1 /* MyRSPAppUITests.swift in Sources */,
			);
			runOnlyForDeploymentPostprocessing = 0;
		};
/* End PBXSourcesBuildPhase section */

/* Begin PBXTargetDependency section */
		EB5E8EB02A717469002C98E1 /* PBXTargetDependency */ = {
			isa = PBXTargetDependency;
			target = EB5E8E972A717465002C98E1 /* MyRSPApp */;
			targetProxy = EB5E8EAF2A717469002C98E1 /* PBXContainerItemProxy */;
		};
		EB5E8EBA2A717469002C98E1 /* PBXTargetDependency */ = {
			isa = PBXTargetDependency;
			target = EB5E8E972A717465002C98E1 /* MyRSPApp */;
			targetProxy = EB5E8EB92A717469002C98E1 /* PBXContainerItemProxy */;
		};
/* End PBXTargetDependency section */

/* Begin PBXVariantGroup section */
		EB5E8EA12A717465002C98E1 /* Main.storyboard */ = {
			isa = PBXVariantGroup;
			children = (
				EB5E8EA22A717465002C98E1 /* Base */,
			);
			name = Main.storyboard;
			sourceTree = "<group>";
		};
		EB5E8EA62A717468002C98E1 /* LaunchScreen.storyboard */ = {
			isa = PBXVariantGroup;
			children = (
				EB5E8EA72A717468002C98E1 /* Base */,
			);
			name = LaunchScreen.storyboard;
			sourceTree = "<group>";
		};
/* End PBXVariantGroup section */

/* Begin XCBuildConfiguration section */
		EB5E8EC02A717469002C98E1 /* Debug */ = {
			isa = XCBuildConfiguration;
			buildSettings = {
				ALWAYS_SEARCH_USER_PATHS = NO;
				CLANG_ANALYZER_NONNULL = YES;
				CLANG_ANALYZER_NUMBER_OBJECT_CONVERSION = YES_AGGRESSIVE;
				CLANG_CXX_LANGUAGE_STANDARD = "gnu++20";
				CLANG_ENABLE_MODULES = YES;
				CLANG_ENABLE_OBJC_ARC = YES;
				CLANG_ENABLE_OBJC_WEAK = YES;
				CLANG_WARN_BLOCK_CAPTURE_AUTORELEASING = YES;
				CLANG_WARN_BOOL_CONVERSION = YES;
				CLANG_WARN_COMMA = YES;
				CLANG_WARN_CONSTANT_CONVERSION = YES;
				CLANG_WARN_DEPRECATED_OBJC_IMPLEMENTATIONS = YES;
				CLANG_WARN_DIRECT_OBJC_ISA_USAGE = YES_ERROR;
				CLANG_WARN_DOCUMENTATION_COMMENTS = YES;
				CLANG_WARN_EMPTY_BODY = YES;
				CLANG_WARN_ENUM_CONVERSION = YES;
				CLANG_WARN_INFINITE_RECURSION = YES;
				CLANG_WARN_INT_CONVERSION = YES;
				CLANG_WARN_NON_LITERAL_NULL_CONVERSION = YES;
				CLANG_WARN_OBJC_IMPLICIT_RETAIN_SELF = YES;
				CLANG_WARN_OBJC_LITERAL_CONVERSION = YES;
				CLANG_WARN_OBJC_ROOT_CLASS = YES_ERROR;
				CLANG_WARN_QUOTED_INCLUDE_IN_FRAMEWORK_HEADER = YES;
				CLANG_WARN_RANGE_LOOP_ANALYSIS = YES;
				CLANG_WARN_STRICT_PROTOTYPES = YES;
				CLANG_WARN_SUSPICIOUS_MOVE = YES;
				CLANG_WARN_UNGUARDED_AVAILABILITY = YES_AGGRESSIVE;
				CLANG_WARN_UNREACHABLE_CODE = YES;
				CLANG_WARN__DUPLICATE_METHOD_MATCH = YES;
				COPY_PHASE_STRIP = NO;
				DEBUG_INFORMATION_FORMAT = dwarf;
				ENABLE_STRICT_OBJC_MSGSEND = YES;
				ENABLE_TESTABILITY = YES;
				GCC_C_LANGUAGE_STANDARD = gnu11;
				GCC_DYNAMIC_NO_PIC = NO;
				GCC_NO_COMMON_BLOCKS = YES;
				GCC_OPTIMIZATION_LEVEL = 0;
				GCC_PREPROCESSOR_DEFINITIONS = (
					"DEBUG=1",
					"$(inherited)",
				);
				GCC_WARN_64_TO_32_BIT_CONVERSION = YES;
				GCC_WARN_ABOUT_RETURN_TYPE = YES_ERROR;
				GCC_WARN_UNDECLARED_SELECTOR = YES;
				GCC_WARN_UNINITIALIZED_AUTOS = YES_AGGRESSIVE;
				GCC_WARN_UNUSED_FUNCTION = YES;
				GCC_WARN_UNUSED_VARIABLE = YES;
				IPHONEOS_DEPLOYMENT_TARGET = 16.4;
				MTL_ENABLE_DEBUG_INFO = INCLUDE_SOURCE;
				MTL_FAST_MATH = YES;
				ONLY_ACTIVE_ARCH = YES;
				SDKROOT = iphoneos;
				SWIFT_ACTIVE_COMPILATION_CONDITIONS = DEBUG;
				SWIFT_OPTIMIZATION_LEVEL = "-Onone";
			};
			name = Debug;
		};
		EB5E8EC12A717469002C98E1 /* Release */ = {
			isa = XCBuildConfiguration;
			buildSettings = {
				ALWAYS_SEARCH_USER_PATHS = NO;
				CLANG_ANALYZER_NONNULL = YES;
				CLANG_ANALYZER_NUMBER_OBJECT_CONVERSION = YES_AGGRESSIVE;
				CLANG_CXX_LANGUAGE_STANDARD = "gnu++20";
				CLANG_ENABLE_MODULES = YES;
				CLANG_ENABLE_OBJC_ARC = YES;
				CLANG_ENABLE_OBJC_WEAK = YES;
				CLANG_WARN_BLOCK_CAPTURE_AUTORELEASING = YES;
				CLANG_WARN_BOOL_CONVERSION = YES;
				CLANG_WARN_COMMA = YES;
				CLANG_WARN_CONSTANT_CONVERSION = YES;
				CLANG_WARN_DEPRECATED_OBJC_IMPLEMENTATIONS = YES;
				CLANG_WARN_DIRECT_OBJC_ISA_USAGE = YES_ERROR;
				CLANG_WARN_DOCUMENTATION_COMMENTS = YES;
				CLANG_WARN_EMPTY_BODY = YES;
				CLANG_WARN_ENUM_CONVERSION = YES;
				CLANG_WARN_INFINITE_RECURSION = YES;
				CLANG_WARN_INT_CONVERSION = YES;
				CLANG_WARN_NON_LITERAL_NULL_CONVERSION = YES;
				CLANG_WARN_OBJC_IMPLICIT_RETAIN_SELF = YES;
				CLANG_WARN_OBJC_LITERAL_CONVERSION = YES;
				CLANG_WARN_OBJC_ROOT_CLASS = YES_ERROR;
				CLANG_WARN_QUOTED_INCLUDE_IN_FRAMEWORK_HEADER = YES;
				CLANG_WARN_RANGE_LOOP_ANALYSIS = YES;
				CLANG_WARN_STRICT_PROTOTYPES = YES;
				CLANG_WARN_SUSPICIOUS_MOVE = YES;
				CLANG_WARN_UNGUARDED_AVAILABILITY = YES_AGGRESSIVE;
				CLANG_WARN_UNREACHABLE_CODE = YES;
				CLANG_WARN__DUPLICATE_METHOD_MATCH = YES;
				COPY_PHASE_STRIP = NO;
				DEBUG_INFORMATION_FORMAT = "dwarf-with-dsym";
				ENABLE_NS_ASSERTIONS = NO;
				ENABLE_STRICT_OBJC_MSGSEND = YES;
				GCC_C_LANGUAGE_STANDARD = gnu11;
				GCC_NO_COMMON_BLOCKS = YES;
				GCC_WARN_64_TO_32_BIT_CONVERSION = YES;
				GCC_WARN_ABOUT_RETURN_TYPE = YES_ERROR;
				GCC_WARN_UNDECLARED_SELECTOR = YES;
				GCC_WARN_UNINITIALIZED_AUTOS = YES_AGGRESSIVE;
				GCC_WARN_UNUSED_FUNCTION = YES;
				GCC_WARN_UNUSED_VARIABLE = YES;
				IPHONEOS_DEPLOYMENT_TARGET = 16.4;
				MTL_ENABLE_DEBUG_INFO = NO;
				MTL_FAST_MATH = YES;
				SDKROOT = iphoneos;
				SWIFT_COMPILATION_MODE = wholemodule;
				SWIFT_OPTIMIZATION_LEVEL = "-O";
				VALIDATE_PRODUCT = YES;
			};
			name = Release;
		};
		EB5E8EC32A717469002C98E1 /* Debug */ = {
			isa = XCBuildConfiguration;
			buildSettings = {
				ASSETCATALOG_COMPILER_APPICON_NAME = AppIcon;
				ASSETCATALOG_COMPILER_GLOBAL_ACCENT_COLOR_NAME = AccentColor;
				CODE_SIGN_STYLE = Automatic;
				CURRENT_PROJECT_VERSION = 1;
				DEVELOPMENT_TEAM = QDTB4WL24B;
				GENERATE_INFOPLIST_FILE = YES;
				INFOPLIST_FILE = MyRSPApp/Info.plist;
				INFOPLIST_KEY_UIApplicationSupportsIndirectInputEvents = YES;
				INFOPLIST_KEY_UILaunchStoryboardName = LaunchScreen;
				INFOPLIST_KEY_UIMainStoryboardFile = Main;
				INFOPLIST_KEY_UISupportedInterfaceOrientations = UIInterfaceOrientationPortrait;
				INFOPLIST_KEY_UISupportedInterfaceOrientations_iPad = "UIInterfaceOrientationLandscapeLeft UIInterfaceOrientationLandscapeRight UIInterfaceOrientationPortrait UIInterfaceOrientationPortraitUpsideDown";
				IPHONEOS_DEPLOYMENT_TARGET = 13.0;
				LD_RUNPATH_SEARCH_PATHS = (
					"$(inherited)",
					"@executable_path/Frameworks",
				);
				MARKETING_VERSION = 1.0;
				PRODUCT_BUNDLE_IDENTIFIER = com.infrunEllenStudy.MyRSPApp;
				PRODUCT_NAME = "$(TARGET_NAME)";
				SWIFT_EMIT_LOC_STRINGS = YES;
				SWIFT_VERSION = 5.0;
				TARGETED_DEVICE_FAMILY = "1,2";
			};
			name = Debug;
		};
		EB5E8EC42A717469002C98E1 /* Release */ = {
			isa = XCBuildConfiguration;
			buildSettings = {
				ASSETCATALOG_COMPILER_APPICON_NAME = AppIcon;
				ASSETCATALOG_COMPILER_GLOBAL_ACCENT_COLOR_NAME = AccentColor;
				CODE_SIGN_STYLE = Automatic;
				CURRENT_PROJECT_VERSION = 1;
				DEVELOPMENT_TEAM = QDTB4WL24B;
				GENERATE_INFOPLIST_FILE = YES;
				INFOPLIST_FILE = MyRSPApp/Info.plist;
				INFOPLIST_KEY_UIApplicationSupportsIndirectInputEvents = YES;
				INFOPLIST_KEY_UILaunchStoryboardName = LaunchScreen;
				INFOPLIST_KEY_UIMainStoryboardFile = Main;
				INFOPLIST_KEY_UISupportedInterfaceOrientations = UIInterfaceOrientationPortrait;
				INFOPLIST_KEY_UISupportedInterfaceOrientations_iPad = "UIInterfaceOrientationLandscapeLeft UIInterfaceOrientationLandscapeRight UIInterfaceOrientationPortrait UIInterfaceOrientationPortraitUpsideDown";
				IPHONEOS_DEPLOYMENT_TARGET = 13.0;
				LD_RUNPATH_SEARCH_PATHS = (
					"$(inherited)",
					"@executable_path/Frameworks",
				);
				MARKETING_VERSION = 1.0;
				PRODUCT_BUNDLE_IDENTIFIER = com.infrunEllenStudy.MyRSPApp;
				PRODUCT_NAME = "$(TARGET_NAME)";
				SWIFT_EMIT_LOC_STRINGS = YES;
				SWIFT_VERSION = 5.0;
				TARGETED_DEVICE_FAMILY = "1,2";
			};
			name = Release;
		};
		EB5E8EC62A717469002C98E1 /* Debug */ = {
			isa = XCBuildConfiguration;
			buildSettings = {
				ALWAYS_EMBED_SWIFT_STANDARD_LIBRARIES = YES;
				BUNDLE_LOADER = "$(TEST_HOST)";
				CODE_SIGN_STYLE = Automatic;
				CURRENT_PROJECT_VERSION = 1;
				DEVELOPMENT_TEAM = QDTB4WL24B;
				GENERATE_INFOPLIST_FILE = YES;
				IPHONEOS_DEPLOYMENT_TARGET = 16.4;
				MARKETING_VERSION = 1.0;
				PRODUCT_BUNDLE_IDENTIFIER = com.infrunEllenStudy.MyRSPAppTests;
				PRODUCT_NAME = "$(TARGET_NAME)";
				SWIFT_EMIT_LOC_STRINGS = NO;
				SWIFT_VERSION = 5.0;
				TARGETED_DEVICE_FAMILY = "1,2";
				TEST_HOST = "$(BUILT_PRODUCTS_DIR)/MyRSPApp.app/$(BUNDLE_EXECUTABLE_FOLDER_PATH)/MyRSPApp";
			};
			name = Debug;
		};
		EB5E8EC72A717469002C98E1 /* Release */ = {
			isa = XCBuildConfiguration;
			buildSettings = {
				ALWAYS_EMBED_SWIFT_STANDARD_LIBRARIES = YES;
				BUNDLE_LOADER = "$(TEST_HOST)";
				CODE_SIGN_STYLE = Automatic;
				CURRENT_PROJECT_VERSION = 1;
				DEVELOPMENT_TEAM = QDTB4WL24B;
				GENERATE_INFOPLIST_FILE = YES;
				IPHONEOS_DEPLOYMENT_TARGET = 16.4;
				MARKETING_VERSION = 1.0;
				PRODUCT_BUNDLE_IDENTIFIER = com.infrunEllenStudy.MyRSPAppTests;
				PRODUCT_NAME = "$(TARGET_NAME)";
				SWIFT_EMIT_LOC_STRINGS = NO;
				SWIFT_VERSION = 5.0;
				TARGETED_DEVICE_FAMILY = "1,2";
				TEST_HOST = "$(BUILT_PRODUCTS_DIR)/MyRSPApp.app/$(BUNDLE_EXECUTABLE_FOLDER_PATH)/MyRSPApp";
			};
			name = Release;
		};
		EB5E8EC92A717469002C98E1 /* Debug */ = {
			isa = XCBuildConfiguration;
			buildSettings = {
				ALWAYS_EMBED_SWIFT_STANDARD_LIBRARIES = YES;
				CODE_SIGN_STYLE = Automatic;
				CURRENT_PROJECT_VERSION = 1;
				DEVELOPMENT_TEAM = QDTB4WL24B;
				GENERATE_INFOPLIST_FILE = YES;
				MARKETING_VERSION = 1.0;
				PRODUCT_BUNDLE_IDENTIFIER = com.infrunEllenStudy.MyRSPAppUITests;
				PRODUCT_NAME = "$(TARGET_NAME)";
				SWIFT_EMIT_LOC_STRINGS = NO;
				SWIFT_VERSION = 5.0;
				TARGETED_DEVICE_FAMILY = "1,2";
				TEST_TARGET_NAME = MyRSPApp;
			};
			name = Debug;
		};
		EB5E8ECA2A717469002C98E1 /* Release */ = {
			isa = XCBuildConfiguration;
			buildSettings = {
				ALWAYS_EMBED_SWIFT_STANDARD_LIBRARIES = YES;
				CODE_SIGN_STYLE = Automatic;
				CURRENT_PROJECT_VERSION = 1;
				DEVELOPMENT_TEAM = QDTB4WL24B;
				GENERATE_INFOPLIST_FILE = YES;
				MARKETING_VERSION = 1.0;
				PRODUCT_BUNDLE_IDENTIFIER = com.infrunEllenStudy.MyRSPAppUITests;
				PRODUCT_NAME = "$(TARGET_NAME)";
				SWIFT_EMIT_LOC_STRINGS = NO;
				SWIFT_VERSION = 5.0;
				TARGETED_DEVICE_FAMILY = "1,2";
				TEST_TARGET_NAME = MyRSPApp;
			};
			name = Release;
		};
/* End XCBuildConfiguration section */

/* Begin XCConfigurationList section */
		EB5E8E932A717465002C98E1 /* Build configuration list for PBXProject "MyRSPApp" */ = {
			isa = XCConfigurationList;
			buildConfigurations = (
				EB5E8EC02A717469002C98E1 /* Debug */,
				EB5E8EC12A717469002C98E1 /* Release */,
			);
			defaultConfigurationIsVisible = 0;
			defaultConfigurationName = Release;
		};
		EB5E8EC22A717469002C98E1 /* Build configuration list for PBXNativeTarget "MyRSPApp" */ = {
			isa = XCConfigurationList;
			buildConfigurations = (
				EB5E8EC32A717469002C98E1 /* Debug */,
				EB5E8EC42A717469002C98E1 /* Release */,
			);
			defaultConfigurationIsVisible = 0;
			defaultConfigurationName = Release;
		};
		EB5E8EC52A717469002C98E1 /* Build configuration list for PBXNativeTarget "MyRSPAppTests" */ = {
			isa = XCConfigurationList;
			buildConfigurations = (
				EB5E8EC62A717469002C98E1 /* Debug */,
				EB5E8EC72A717469002C98E1 /* Release */,
			);
			defaultConfigurationIsVisible = 0;
			defaultConfigurationName = Release;
		};
		EB5E8EC82A717469002C98E1 /* Build configuration list for PBXNativeTarget "MyRSPAppUITests" */ = {
			isa = XCConfigurationList;
			buildConfigurations = (
				EB5E8EC92A717469002C98E1 /* Debug */,
				EB5E8ECA2A717469002C98E1 /* Release */,
			);
			defaultConfigurationIsVisible = 0;
			defaultConfigurationName = Release;
		};
/* End XCConfigurationList section */
	};
	rootObject = EB5E8E902A717465002C98E1 /* Project object */;
}
